// !$*UTF8*$!
{
	archiveVersion = 1;
	classes = {
	};
	objectVersion = 56;
	objects = {

/* Begin PBXBuildFile section */
		F5AF084529E1752C00D8CC10 /* The_RestaurantApp.swift in Sources */ = {isa = PBXBuildFile; fileRef = F5AF084429E1752C00D8CC10 /* The_RestaurantApp.swift */; };
		F5AF084729E1752C00D8CC10 /* ContentView.swift in Sources */ = {isa = PBXBuildFile; fileRef = F5AF084629E1752C00D8CC10 /* ContentView.swift */; };
		F5AF084929E1752F00D8CC10 /* Assets.xcassets in Resources */ = {isa = PBXBuildFile; fileRef = F5AF084829E1752F00D8CC10 /* Assets.xcassets */; };
		F5AF084C29E1752F00D8CC10 /* Preview Assets.xcassets in Resources */ = {isa = PBXBuildFile; fileRef = F5AF084B29E1752F00D8CC10 /* Preview Assets.xcassets */; };
		F5AF085629E1753000D8CC10 /* The_RestaurantTests.swift in Sources */ = {isa = PBXBuildFile; fileRef = F5AF085529E1753000D8CC10 /* The_RestaurantTests.swift */; };
		F5AF086029E1753000D8CC10 /* The_RestaurantUITests.swift in Sources */ = {isa = PBXBuildFile; fileRef = F5AF085F29E1753000D8CC10 /* The_RestaurantUITests.swift */; };
		F5AF086229E1753000D8CC10 /* The_RestaurantUITestsLaunchTests.swift in Sources */ = {isa = PBXBuildFile; fileRef = F5AF086129E1753000D8CC10 /* The_RestaurantUITestsLaunchTests.swift */; };
		F5AF086F29E1788500D8CC10 /* CustomTabView.swift in Sources */ = {isa = PBXBuildFile; fileRef = F5AF086E29E1788500D8CC10 /* CustomTabView.swift */; };
		F5BECD6F29E469E500446FE8 /* Localizable.strings in Resources */ = {isa = PBXBuildFile; fileRef = F5BECD7129E469E500446FE8 /* Localizable.strings */; };
		F5BECD7629E536A000446FE8 /* ConfigView.swift in Sources */ = {isa = PBXBuildFile; fileRef = F5BECD7529E536A000446FE8 /* ConfigView.swift */; };
		F5E1CDB229E2B428003BF92A /* WebView.swift in Sources */ = {isa = PBXBuildFile; fileRef = F5E1CDB129E2B428003BF92A /* WebView.swift */; };
/* End PBXBuildFile section */

/* Begin PBXContainerItemProxy section */
		F5AF085229E1753000D8CC10 /* PBXContainerItemProxy */ = {
			isa = PBXContainerItemProxy;
			containerPortal = F5AF083929E1752C00D8CC10 /* Project object */;
			proxyType = 1;
			remoteGlobalIDString = F5AF084029E1752C00D8CC10;
			remoteInfo = "The Restaurant";
		};
		F5AF085C29E1753000D8CC10 /* PBXContainerItemProxy */ = {
			isa = PBXContainerItemProxy;
			containerPortal = F5AF083929E1752C00D8CC10 /* Project object */;
			proxyType = 1;
			remoteGlobalIDString = F5AF084029E1752C00D8CC10;
			remoteInfo = "The Restaurant";
		};
/* End PBXContainerItemProxy section */

/* Begin PBXFileReference section */
		F574B6D529E2B1B60074D788 /* The-Restaurant-Info.plist */ = {isa = PBXFileReference; lastKnownFileType = text.plist; path = "The-Restaurant-Info.plist"; sourceTree = SOURCE_ROOT; };
		F5AF084129E1752C00D8CC10 /* The Restaurant.app */ = {isa = PBXFileReference; explicitFileType = wrapper.application; includeInIndex = 0; path = "The Restaurant.app"; sourceTree = BUILT_PRODUCTS_DIR; };
		F5AF084429E1752C00D8CC10 /* The_RestaurantApp.swift */ = {isa = PBXFileReference; lastKnownFileType = sourcecode.swift; path = The_RestaurantApp.swift; sourceTree = "<group>"; };
		F5AF084629E1752C00D8CC10 /* ContentView.swift */ = {isa = PBXFileReference; lastKnownFileType = sourcecode.swift; path = ContentView.swift; sourceTree = "<group>"; };
		F5AF084829E1752F00D8CC10 /* Assets.xcassets */ = {isa = PBXFileReference; lastKnownFileType = folder.assetcatalog; path = Assets.xcassets; sourceTree = "<group>"; };
		F5AF084B29E1752F00D8CC10 /* Preview Assets.xcassets */ = {isa = PBXFileReference; lastKnownFileType = folder.assetcatalog; path = "Preview Assets.xcassets"; sourceTree = "<group>"; };
		F5AF085129E1753000D8CC10 /* The RestaurantTests.xctest */ = {isa = PBXFileReference; explicitFileType = wrapper.cfbundle; includeInIndex = 0; path = "The RestaurantTests.xctest"; sourceTree = BUILT_PRODUCTS_DIR; };
		F5AF085529E1753000D8CC10 /* The_RestaurantTests.swift */ = {isa = PBXFileReference; lastKnownFileType = sourcecode.swift; path = The_RestaurantTests.swift; sourceTree = "<group>"; };
		F5AF085B29E1753000D8CC10 /* The RestaurantUITests.xctest */ = {isa = PBXFileReference; explicitFileType = wrapper.cfbundle; includeInIndex = 0; path = "The RestaurantUITests.xctest"; sourceTree = BUILT_PRODUCTS_DIR; };
		F5AF085F29E1753000D8CC10 /* The_RestaurantUITests.swift */ = {isa = PBXFileReference; lastKnownFileType = sourcecode.swift; path = The_RestaurantUITests.swift; sourceTree = "<group>"; };
		F5AF086129E1753000D8CC10 /* The_RestaurantUITestsLaunchTests.swift */ = {isa = PBXFileReference; lastKnownFileType = sourcecode.swift; path = The_RestaurantUITestsLaunchTests.swift; sourceTree = "<group>"; };
		F5AF086E29E1788500D8CC10 /* CustomTabView.swift */ = {isa = PBXFileReference; lastKnownFileType = sourcecode.swift; path = CustomTabView.swift; sourceTree = "<group>"; };
		F5BECD7029E469E500446FE8 /* en */ = {isa = PBXFileReference; lastKnownFileType = text.plist.strings; name = en; path = en.lproj/Localizable.strings; sourceTree = "<group>"; };
		F5BECD7229E46AD700446FE8 /* ja */ = {isa = PBXFileReference; lastKnownFileType = text.plist.strings; name = ja; path = ja.lproj/Localizable.strings; sourceTree = "<group>"; };
		F5BECD7529E536A000446FE8 /* ConfigView.swift */ = {isa = PBXFileReference; lastKnownFileType = sourcecode.swift; lineEnding = 0; path = ConfigView.swift; sourceTree = "<group>"; };
		F5E1CDB129E2B428003BF92A /* WebView.swift */ = {isa = PBXFileReference; lastKnownFileType = sourcecode.swift; path = WebView.swift; sourceTree = "<group>"; };
/* End PBXFileReference section */

/* Begin PBXFrameworksBuildPhase section */
		F5AF083E29E1752C00D8CC10 /* Frameworks */ = {
			isa = PBXFrameworksBuildPhase;
			buildActionMask = 2147483647;
			files = (
			);
			runOnlyForDeploymentPostprocessing = 0;
		};
		F5AF084E29E1753000D8CC10 /* Frameworks */ = {
			isa = PBXFrameworksBuildPhase;
			buildActionMask = 2147483647;
			files = (
			);
			runOnlyForDeploymentPostprocessing = 0;
		};
		F5AF085829E1753000D8CC10 /* Frameworks */ = {
			isa = PBXFrameworksBuildPhase;
			buildActionMask = 2147483647;
			files = (
			);
			runOnlyForDeploymentPostprocessing = 0;
		};
/* End PBXFrameworksBuildPhase section */

/* Begin PBXGroup section */
		F5AF083829E1752C00D8CC10 = {
			isa = PBXGroup;
			children = (
				F5AF084329E1752C00D8CC10 /* The Restaurant */,
				F5AF085429E1753000D8CC10 /* The RestaurantTests */,
				F5AF085E29E1753000D8CC10 /* The RestaurantUITests */,
				F5AF084229E1752C00D8CC10 /* Products */,
			);
			sourceTree = "<group>";
		};
		F5AF084229E1752C00D8CC10 /* Products */ = {
			isa = PBXGroup;
			children = (
				F5AF084129E1752C00D8CC10 /* The Restaurant.app */,
				F5AF085129E1753000D8CC10 /* The RestaurantTests.xctest */,
				F5AF085B29E1753000D8CC10 /* The RestaurantUITests.xctest */,
			);
			name = Products;
			sourceTree = "<group>";
		};
		F5AF084329E1752C00D8CC10 /* The Restaurant */ = {
			isa = PBXGroup;
			children = (
				F574B6D529E2B1B60074D788 /* The-Restaurant-Info.plist */,
				F5AF084429E1752C00D8CC10 /* The_RestaurantApp.swift */,
				F5E1CDB129E2B428003BF92A /* WebView.swift */,
				F5AF084629E1752C00D8CC10 /* ContentView.swift */,
				F5BECD7529E536A000446FE8 /* ConfigView.swift */,
				F5AF086E29E1788500D8CC10 /* CustomTabView.swift */,
				F5BECD7129E469E500446FE8 /* Localizable.strings */,
				F5AF084829E1752F00D8CC10 /* Assets.xcassets */,
				F5AF084A29E1752F00D8CC10 /* Preview Content */,
			);
			path = "The Restaurant";
			sourceTree = "<group>";
		};
		F5AF084A29E1752F00D8CC10 /* Preview Content */ = {
			isa = PBXGroup;
			children = (
				F5AF084B29E1752F00D8CC10 /* Preview Assets.xcassets */,
			);
			path = "Preview Content";
			sourceTree = "<group>";
		};
		F5AF085429E1753000D8CC10 /* The RestaurantTests */ = {
			isa = PBXGroup;
			children = (
				F5AF085529E1753000D8CC10 /* The_RestaurantTests.swift */,
			);
			path = "The RestaurantTests";
			sourceTree = "<group>";
		};
		F5AF085E29E1753000D8CC10 /* The RestaurantUITests */ = {
			isa = PBXGroup;
			children = (
				F5AF085F29E1753000D8CC10 /* The_RestaurantUITests.swift */,
				F5AF086129E1753000D8CC10 /* The_RestaurantUITestsLaunchTests.swift */,
			);
			path = "The RestaurantUITests";
			sourceTree = "<group>";
		};
/* End PBXGroup section */

/* Begin PBXNativeTarget section */
		F5AF084029E1752C00D8CC10 /* The Restaurant */ = {
			isa = PBXNativeTarget;
			buildConfigurationList = F5AF086529E1753000D8CC10 /* Build configuration list for PBXNativeTarget "The Restaurant" */;
			buildPhases = (
				F5AF083D29E1752C00D8CC10 /* Sources */,
				F5AF083E29E1752C00D8CC10 /* Frameworks */,
				F5AF083F29E1752C00D8CC10 /* Resources */,
			);
			buildRules = (
			);
			dependencies = (
			);
			name = "The Restaurant";
			productName = "The Restaurant";
			productReference = F5AF084129E1752C00D8CC10 /* The Restaurant.app */;
			productType = "com.apple.product-type.application";
		};
		F5AF085029E1753000D8CC10 /* The RestaurantTests */ = {
			isa = PBXNativeTarget;
			buildConfigurationList = F5AF086829E1753000D8CC10 /* Build configuration list for PBXNativeTarget "The RestaurantTests" */;
			buildPhases = (
				F5AF084D29E1753000D8CC10 /* Sources */,
				F5AF084E29E1753000D8CC10 /* Frameworks */,
				F5AF084F29E1753000D8CC10 /* Resources */,
			);
			buildRules = (
			);
			dependencies = (
				F5AF085329E1753000D8CC10 /* PBXTargetDependency */,
			);
			name = "The RestaurantTests";
			productName = "The RestaurantTests";
			productReference = F5AF085129E1753000D8CC10 /* The RestaurantTests.xctest */;
			productType = "com.apple.product-type.bundle.unit-test";
		};
		F5AF085A29E1753000D8CC10 /* The RestaurantUITests */ = {
			isa = PBXNativeTarget;
			buildConfigurationList = F5AF086B29E1753000D8CC10 /* Build configuration list for PBXNativeTarget "The RestaurantUITests" */;
			buildPhases = (
				F5AF085729E1753000D8CC10 /* Sources */,
				F5AF085829E1753000D8CC10 /* Frameworks */,
				F5AF085929E1753000D8CC10 /* Resources */,
			);
			buildRules = (
			);
			dependencies = (
				F5AF085D29E1753000D8CC10 /* PBXTargetDependency */,
			);
			name = "The RestaurantUITests";
			productName = "The RestaurantUITests";
			productReference = F5AF085B29E1753000D8CC10 /* The RestaurantUITests.xctest */;
			productType = "com.apple.product-type.bundle.ui-testing";
		};
/* End PBXNativeTarget section */

/* Begin PBXProject section */
		F5AF083929E1752C00D8CC10 /* Project object */ = {
			isa = PBXProject;
			attributes = {
				BuildIndependentTargetsInParallel = 1;
				LastSwiftUpdateCheck = 1430;
				LastUpgradeCheck = 1430;
				TargetAttributes = {
					F5AF084029E1752C00D8CC10 = {
						CreatedOnToolsVersion = 14.3;
					};
					F5AF085029E1753000D8CC10 = {
						CreatedOnToolsVersion = 14.3;
						TestTargetID = F5AF084029E1752C00D8CC10;
					};
					F5AF085A29E1753000D8CC10 = {
						CreatedOnToolsVersion = 14.3;
						TestTargetID = F5AF084029E1752C00D8CC10;
					};
				};
			};
			buildConfigurationList = F5AF083C29E1752C00D8CC10 /* Build configuration list for PBXProject "The Restaurant" */;
			compatibilityVersion = "Xcode 14.0";
			developmentRegion = en;
			hasScannedForEncodings = 0;
			knownRegions = (
				en,
				Base,
				ja,
			);
			mainGroup = F5AF083829E1752C00D8CC10;
			productRefGroup = F5AF084229E1752C00D8CC10 /* Products */;
			projectDirPath = "";
			projectRoot = "";
			targets = (
				F5AF084029E1752C00D8CC10 /* The Restaurant */,
				F5AF085029E1753000D8CC10 /* The RestaurantTests */,
				F5AF085A29E1753000D8CC10 /* The RestaurantUITests */,
			);
		};
/* End PBXProject section */

/* Begin PBXResourcesBuildPhase section */
		F5AF083F29E1752C00D8CC10 /* Resources */ = {
			isa = PBXResourcesBuildPhase;
			buildActionMask = 2147483647;
			files = (
				F5AF084C29E1752F00D8CC10 /* Preview Assets.xcassets in Resources */,
				F5BECD6F29E469E500446FE8 /* Localizable.strings in Resources */,
				F5AF084929E1752F00D8CC10 /* Assets.xcassets in Resources */,
			);
			runOnlyForDeploymentPostprocessing = 0;
		};
		F5AF084F29E1753000D8CC10 /* Resources */ = {
			isa = PBXResourcesBuildPhase;
			buildActionMask = 2147483647;
			files = (
			);
			runOnlyForDeploymentPostprocessing = 0;
		};
		F5AF085929E1753000D8CC10 /* Resources */ = {
			isa = PBXResourcesBuildPhase;
			buildActionMask = 2147483647;
			files = (
			);
			runOnlyForDeploymentPostprocessing = 0;
		};
/* End PBXResourcesBuildPhase section */

/* Begin PBXSourcesBuildPhase section */
		F5AF083D29E1752C00D8CC10 /* Sources */ = {
			isa = PBXSourcesBuildPhase;
			buildActionMask = 2147483647;
			files = (
				F5AF086F29E1788500D8CC10 /* CustomTabView.swift in Sources */,
				F5BECD7629E536A000446FE8 /* ConfigView.swift in Sources */,
				F5E1CDB229E2B428003BF92A /* WebView.swift in Sources */,
				F5AF084729E1752C00D8CC10 /* ContentView.swift in Sources */,
				F5AF084529E1752C00D8CC10 /* The_RestaurantApp.swift in Sources */,
			);
			runOnlyForDeploymentPostprocessing = 0;
		};
		F5AF084D29E1753000D8CC10 /* Sources */ = {
			isa = PBXSourcesBuildPhase;
			buildActionMask = 2147483647;
			files = (
				F5AF085629E1753000D8CC10 /* The_RestaurantTests.swift in Sources */,
			);
			runOnlyForDeploymentPostprocessing = 0;
		};
		F5AF085729E1753000D8CC10 /* Sources */ = {
			isa = PBXSourcesBuildPhase;
			buildActionMask = 2147483647;
			files = (
				F5AF086029E1753000D8CC10 /* The_RestaurantUITests.swift in Sources */,
				F5AF086229E1753000D8CC10 /* The_RestaurantUITestsLaunchTests.swift in Sources */,
			);
			runOnlyForDeploymentPostprocessing = 0;
		};
/* End PBXSourcesBuildPhase section */

/* Begin PBXTargetDependency section */
		F5AF085329E1753000D8CC10 /* PBXTargetDependency */ = {
			isa = PBXTargetDependency;
			target = F5AF084029E1752C00D8CC10 /* The Restaurant */;
			targetProxy = F5AF085229E1753000D8CC10 /* PBXContainerItemProxy */;
		};
		F5AF085D29E1753000D8CC10 /* PBXTargetDependency */ = {
			isa = PBXTargetDependency;
			target = F5AF084029E1752C00D8CC10 /* The Restaurant */;
			targetProxy = F5AF085C29E1753000D8CC10 /* PBXContainerItemProxy */;
		};
/* End PBXTargetDependency section */

/* Begin PBXVariantGroup section */
		F5BECD7129E469E500446FE8 /* Localizable.strings */ = {
			isa = PBXVariantGroup;
			children = (
				F5BECD7029E469E500446FE8 /* en */,
				F5BECD7229E46AD700446FE8 /* ja */,
			);
			name = Localizable.strings;
			sourceTree = "<group>";
		};
/* End PBXVariantGroup section */

/* Begin XCBuildConfiguration section */
		F5AF086329E1753000D8CC10 /* Debug */ = {
			isa = XCBuildConfiguration;
			buildSettings = {
				ALWAYS_SEARCH_USER_PATHS = NO;
				CLANG_ANALYZER_LOCALIZABILITY_NONLOCALIZED = YES;
				CLANG_ANALYZER_NONNULL = YES;
				CLANG_ANALYZER_NUMBER_OBJECT_CONVERSION = YES_AGGRESSIVE;
				CLANG_CXX_LANGUAGE_STANDARD = "gnu++20";
				CLANG_ENABLE_MODULES = YES;
				CLANG_ENABLE_OBJC_ARC = YES;
				CLANG_ENABLE_OBJC_WEAK = YES;
				CLANG_WARN_BLOCK_CAPTURE_AUTORELEASING = YES;
				CLANG_WARN_BOOL_CONVERSION = YES;
				CLANG_WARN_COMMA = YES;
				CLANG_WARN_CONSTANT_CONVERSION = YES;
				CLANG_WARN_DEPRECATED_OBJC_IMPLEMENTATIONS = YES;
				CLANG_WARN_DIRECT_OBJC_ISA_USAGE = YES_ERROR;
				CLANG_WARN_DOCUMENTATION_COMMENTS = YES;
				CLANG_WARN_EMPTY_BODY = YES;
				CLANG_WARN_ENUM_CONVERSION = YES;
				CLANG_WARN_INFINITE_RECURSION = YES;
				CLANG_WARN_INT_CONVERSION = YES;
				CLANG_WARN_NON_LITERAL_NULL_CONVERSION = YES;
				CLANG_WARN_OBJC_IMPLICIT_RETAIN_SELF = YES;
				CLANG_WARN_OBJC_LITERAL_CONVERSION = YES;
				CLANG_WARN_OBJC_ROOT_CLASS = YES_ERROR;
				CLANG_WARN_QUOTED_INCLUDE_IN_FRAMEWORK_HEADER = YES;
				CLANG_WARN_RANGE_LOOP_ANALYSIS = YES;
				CLANG_WARN_STRICT_PROTOTYPES = YES;
				CLANG_WARN_SUSPICIOUS_MOVE = YES;
				CLANG_WARN_UNGUARDED_AVAILABILITY = YES_AGGRESSIVE;
				CLANG_WARN_UNREACHABLE_CODE = YES;
				CLANG_WARN__DUPLICATE_METHOD_MATCH = YES;
				COPY_PHASE_STRIP = NO;
				DEBUG_INFORMATION_FORMAT = dwarf;
				ENABLE_STRICT_OBJC_MSGSEND = YES;
				ENABLE_TESTABILITY = YES;
				GCC_C_LANGUAGE_STANDARD = gnu11;
				GCC_DYNAMIC_NO_PIC = NO;
				GCC_NO_COMMON_BLOCKS = YES;
				GCC_OPTIMIZATION_LEVEL = 0;
				GCC_PREPROCESSOR_DEFINITIONS = (
					"DEBUG=1",
					"$(inherited)",
				);
				GCC_WARN_64_TO_32_BIT_CONVERSION = YES;
				GCC_WARN_ABOUT_RETURN_TYPE = YES_ERROR;
				GCC_WARN_UNDECLARED_SELECTOR = YES;
				GCC_WARN_UNINITIALIZED_AUTOS = YES_AGGRESSIVE;
				GCC_WARN_UNUSED_FUNCTION = YES;
				GCC_WARN_UNUSED_VARIABLE = YES;
				IPHONEOS_DEPLOYMENT_TARGET = 16.4;
				MTL_ENABLE_DEBUG_INFO = INCLUDE_SOURCE;
				MTL_FAST_MATH = YES;
				ONLY_ACTIVE_ARCH = YES;
				SDKROOT = iphoneos;
				SWIFT_ACTIVE_COMPILATION_CONDITIONS = DEBUG;
				SWIFT_OPTIMIZATION_LEVEL = "-Onone";
			};
			name = Debug;
		};
		F5AF086429E1753000D8CC10 /* Release */ = {
			isa = XCBuildConfiguration;
			buildSettings = {
				ALWAYS_SEARCH_USER_PATHS = NO;
				CLANG_ANALYZER_LOCALIZABILITY_NONLOCALIZED = YES;
				CLANG_ANALYZER_NONNULL = YES;
				CLANG_ANALYZER_NUMBER_OBJECT_CONVERSION = YES_AGGRESSIVE;
				CLANG_CXX_LANGUAGE_STANDARD = "gnu++20";
				CLANG_ENABLE_MODULES = YES;
				CLANG_ENABLE_OBJC_ARC = YES;
				CLANG_ENABLE_OBJC_WEAK = YES;
				CLANG_WARN_BLOCK_CAPTURE_AUTORELEASING = YES;
				CLANG_WARN_BOOL_CONVERSION = YES;
				CLANG_WARN_COMMA = YES;
				CLANG_WARN_CONSTANT_CONVERSION = YES;
				CLANG_WARN_DEPRECATED_OBJC_IMPLEMENTATIONS = YES;
				CLANG_WARN_DIRECT_OBJC_ISA_USAGE = YES_ERROR;
				CLANG_WARN_DOCUMENTATION_COMMENTS = YES;
				CLANG_WARN_EMPTY_BODY = YES;
				CLANG_WARN_ENUM_CONVERSION = YES;
				CLANG_WARN_INFINITE_RECURSION = YES;
				CLANG_WARN_INT_CONVERSION = YES;
				CLANG_WARN_NON_LITERAL_NULL_CONVERSION = YES;
				CLANG_WARN_OBJC_IMPLICIT_RETAIN_SELF = YES;
				CLANG_WARN_OBJC_LITERAL_CONVERSION = YES;
				CLANG_WARN_OBJC_ROOT_CLASS = YES_ERROR;
				CLANG_WARN_QUOTED_INCLUDE_IN_FRAMEWORK_HEADER = YES;
				CLANG_WARN_RANGE_LOOP_ANALYSIS = YES;
				CLANG_WARN_STRICT_PROTOTYPES = YES;
				CLANG_WARN_SUSPICIOUS_MOVE = YES;
				CLANG_WARN_UNGUARDED_AVAILABILITY = YES_AGGRESSIVE;
				CLANG_WARN_UNREACHABLE_CODE = YES;
				CLANG_WARN__DUPLICATE_METHOD_MATCH = YES;
				COPY_PHASE_STRIP = NO;
				DEBUG_INFORMATION_FORMAT = "dwarf-with-dsym";
				ENABLE_NS_ASSERTIONS = NO;
				ENABLE_STRICT_OBJC_MSGSEND = YES;
				GCC_C_LANGUAGE_STANDARD = gnu11;
				GCC_NO_COMMON_BLOCKS = YES;
				GCC_WARN_64_TO_32_BIT_CONVERSION = YES;
				GCC_WARN_ABOUT_RETURN_TYPE = YES_ERROR;
				GCC_WARN_UNDECLARED_SELECTOR = YES;
				GCC_WARN_UNINITIALIZED_AUTOS = YES_AGGRESSIVE;
				GCC_WARN_UNUSED_FUNCTION = YES;
				GCC_WARN_UNUSED_VARIABLE = YES;
				IPHONEOS_DEPLOYMENT_TARGET = 16.4;
				MTL_ENABLE_DEBUG_INFO = NO;
				MTL_FAST_MATH = YES;
				SDKROOT = iphoneos;
				SWIFT_COMPILATION_MODE = wholemodule;
				SWIFT_OPTIMIZATION_LEVEL = "-O";
				VALIDATE_PRODUCT = YES;
			};
			name = Release;
		};
		F5AF086629E1753000D8CC10 /* Debug */ = {
			isa = XCBuildConfiguration;
			buildSettings = {
				ASSETCATALOG_COMPILER_APPICON_NAME = AppIcon;
				ASSETCATALOG_COMPILER_GLOBAL_ACCENT_COLOR_NAME = AccentColor;
				CODE_SIGN_STYLE = Automatic;
				CURRENT_PROJECT_VERSION = 1;
				DEVELOPMENT_ASSET_PATHS = "\"The Restaurant/Preview Content\"";
				DEVELOPMENT_TEAM = 4L2F9ZA624;
				ENABLE_PREVIEWS = YES;
				GENERATE_INFOPLIST_FILE = YES;
				INFOPLIST_FILE = "The-Restaurant-Info.plist";
				INFOPLIST_KEY_UIApplicationSceneManifest_Generation = YES;
				INFOPLIST_KEY_UIApplicationSupportsIndirectInputEvents = YES;
				INFOPLIST_KEY_UILaunchScreen_Generation = YES;
				INFOPLIST_KEY_UISupportedInterfaceOrientations_iPad = "UIInterfaceOrientationPortrait UIInterfaceOrientationPortraitUpsideDown UIInterfaceOrientationLandscapeLeft UIInterfaceOrientationLandscapeRight";
				INFOPLIST_KEY_UISupportedInterfaceOrientations_iPhone = "UIInterfaceOrientationPortrait UIInterfaceOrientationLandscapeLeft UIInterfaceOrientationLandscapeRight";
				LD_RUNPATH_SEARCH_PATHS = (
					"$(inherited)",
					"@executable_path/Frameworks",
				);
				MARKETING_VERSION = 1.0;
				PRODUCT_BUNDLE_IDENTIFIER = "com.vladredula.The-Restaurant";
				PRODUCT_NAME = "$(TARGET_NAME)";
				SWIFT_EMIT_LOC_STRINGS = YES;
				SWIFT_VERSION = 5.0;
				TARGETED_DEVICE_FAMILY = "1,2";
			};
			name = Debug;
		};
		F5AF086729E1753000D8CC10 /* Release */ = {
			isa = XCBuildConfiguration;
			buildSettings = {
				ASSETCATALOG_COMPILER_APPICON_NAME = AppIcon;
				ASSETCATALOG_COMPILER_GLOBAL_ACCENT_COLOR_NAME = AccentColor;
				CODE_SIGN_STYLE = Automatic;
				CURRENT_PROJECT_VERSION = 1;
				DEVELOPMENT_ASSET_PATHS = "\"The Restaurant/Preview Content\"";
				DEVELOPMENT_TEAM = 4L2F9ZA624;
				ENABLE_PREVIEWS = YES;
				GENERATE_INFOPLIST_FILE = YES;
				INFOPLIST_FILE = "The-Restaurant-Info.plist";
				INFOPLIST_KEY_UIApplicationSceneManifest_Generation = YES;
				INFOPLIST_KEY_UIApplicationSupportsIndirectInputEvents = YES;
				INFOPLIST_KEY_UILaunchScreen_Generation = YES;
				INFOPLIST_KEY_UISupportedInterfaceOrientations_iPad = "UIInterfaceOrientationPortrait UIInterfaceOrientationPortraitUpsideDown UIInterfaceOrientationLandscapeLeft UIInterfaceOrientationLandscapeRight";
				INFOPLIST_KEY_UISupportedInterfaceOrientations_iPhone = "UIInterfaceOrientationPortrait UIInterfaceOrientationLandscapeLeft UIInterfaceOrientationLandscapeRight";
				LD_RUNPATH_SEARCH_PATHS = (
					"$(inherited)",
					"@executable_path/Frameworks",
				);
				MARKETING_VERSION = 1.0;
				PRODUCT_BUNDLE_IDENTIFIER = "com.vladredula.The-Restaurant";
				PRODUCT_NAME = "$(TARGET_NAME)";
				SWIFT_EMIT_LOC_STRINGS = YES;
				SWIFT_VERSION = 5.0;
				TARGETED_DEVICE_FAMILY = "1,2";
			};
			name = Release;
		};
		F5AF086929E1753000D8CC10 /* Debug */ = {
			isa = XCBuildConfiguration;
			buildSettings = {
				ALWAYS_EMBED_SWIFT_STANDARD_LIBRARIES = YES;
				BUNDLE_LOADER = "$(TEST_HOST)";
				CODE_SIGN_STYLE = Automatic;
				CURRENT_PROJECT_VERSION = 1;
				DEVELOPMENT_TEAM = 4L2F9ZA624;
				GENERATE_INFOPLIST_FILE = YES;
				IPHONEOS_DEPLOYMENT_TARGET = 16.4;
				MARKETING_VERSION = 1.0;
				PRODUCT_BUNDLE_IDENTIFIER = "com.vladredula.The-RestaurantTests";
				PRODUCT_NAME = "$(TARGET_NAME)";
				SWIFT_EMIT_LOC_STRINGS = NO;
				SWIFT_VERSION = 5.0;
				TARGETED_DEVICE_FAMILY = "1,2";
				TEST_HOST = "$(BUILT_PRODUCTS_DIR)/The Restaurant.app/$(BUNDLE_EXECUTABLE_FOLDER_PATH)/The Restaurant";
			};
			name = Debug;
		};
		F5AF086A29E1753000D8CC10 /* Release */ = {
			isa = XCBuildConfiguration;
			buildSettings = {
				ALWAYS_EMBED_SWIFT_STANDARD_LIBRARIES = YES;
				BUNDLE_LOADER = "$(TEST_HOST)";
				CODE_SIGN_STYLE = Automatic;
				CURRENT_PROJECT_VERSION = 1;
				DEVELOPMENT_TEAM = 4L2F9ZA624;
				GENERATE_INFOPLIST_FILE = YES;
				IPHONEOS_DEPLOYMENT_TARGET = 16.4;
				MARKETING_VERSION = 1.0;
				PRODUCT_BUNDLE_IDENTIFIER = "com.vladredula.The-RestaurantTests";
				PRODUCT_NAME = "$(TARGET_NAME)";
				SWIFT_EMIT_LOC_STRINGS = NO;
				SWIFT_VERSION = 5.0;
				TARGETED_DEVICE_FAMILY = "1,2";
				TEST_HOST = "$(BUILT_PRODUCTS_DIR)/The Restaurant.app/$(BUNDLE_EXECUTABLE_FOLDER_PATH)/The Restaurant";
			};
			name = Release;
		};
		F5AF086C29E1753000D8CC10 /* Debug */ = {
			isa = XCBuildConfiguration;
			buildSettings = {
				ALWAYS_EMBED_SWIFT_STANDARD_LIBRARIES = YES;
				CODE_SIGN_STYLE = Automatic;
				CURRENT_PROJECT_VERSION = 1;
				DEVELOPMENT_TEAM = 4L2F9ZA624;
				GENERATE_INFOPLIST_FILE = YES;
				MARKETING_VERSION = 1.0;
				PRODUCT_BUNDLE_IDENTIFIER = "com.vladredula.The-RestaurantUITests";
				PRODUCT_NAME = "$(TARGET_NAME)";
				SWIFT_EMIT_LOC_STRINGS = NO;
				SWIFT_VERSION = 5.0;
				TARGETED_DEVICE_FAMILY = "1,2";
				TEST_TARGET_NAME = "The Restaurant";
			};
			name = Debug;
		};
		F5AF086D29E1753000D8CC10 /* Release */ = {
			isa = XCBuildConfiguration;
			buildSettings = {
				ALWAYS_EMBED_SWIFT_STANDARD_LIBRARIES = YES;
				CODE_SIGN_STYLE = Automatic;
				CURRENT_PROJECT_VERSION = 1;
				DEVELOPMENT_TEAM = 4L2F9ZA624;
				GENERATE_INFOPLIST_FILE = YES;
				MARKETING_VERSION = 1.0;
				PRODUCT_BUNDLE_IDENTIFIER = "com.vladredula.The-RestaurantUITests";
				PRODUCT_NAME = "$(TARGET_NAME)";
				SWIFT_EMIT_LOC_STRINGS = NO;
				SWIFT_VERSION = 5.0;
				TARGETED_DEVICE_FAMILY = "1,2";
				TEST_TARGET_NAME = "The Restaurant";
			};
			name = Release;
		};
/* End XCBuildConfiguration section */

/* Begin XCConfigurationList section */
		F5AF083C29E1752C00D8CC10 /* Build configuration list for PBXProject "The Restaurant" */ = {
			isa = XCConfigurationList;
			buildConfigurations = (
				F5AF086329E1753000D8CC10 /* Debug */,
				F5AF086429E1753000D8CC10 /* Release */,
			);
			defaultConfigurationIsVisible = 0;
			defaultConfigurationName = Release;
		};
		F5AF086529E1753000D8CC10 /* Build configuration list for PBXNativeTarget "The Restaurant" */ = {
			isa = XCConfigurationList;
			buildConfigurations = (
				F5AF086629E1753000D8CC10 /* Debug */,
				F5AF086729E1753000D8CC10 /* Release */,
			);
			defaultConfigurationIsVisible = 0;
			defaultConfigurationName = Release;
		};
		F5AF086829E1753000D8CC10 /* Build configuration list for PBXNativeTarget "The RestaurantTests" */ = {
			isa = XCConfigurationList;
			buildConfigurations = (
				F5AF086929E1753000D8CC10 /* Debug */,
				F5AF086A29E1753000D8CC10 /* Release */,
			);
			defaultConfigurationIsVisible = 0;
			defaultConfigurationName = Release;
		};
		F5AF086B29E1753000D8CC10 /* Build configuration list for PBXNativeTarget "The RestaurantUITests" */ = {
			isa = XCConfigurationList;
			buildConfigurations = (
				F5AF086C29E1753000D8CC10 /* Debug */,
				F5AF086D29E1753000D8CC10 /* Release */,
			);
			defaultConfigurationIsVisible = 0;
			defaultConfigurationName = Release;
		};
/* End XCConfigurationList section */
	};
	rootObject = F5AF083929E1752C00D8CC10 /* Project object */;
}
